// !$*UTF8*$!
{
	archiveVersion = 1;
	classes = {
	};
	objectVersion = 55;
	objects = {

/* Begin PBXBuildFile section */
		6F0FB7C628771E5B00C390DD /* SwiftUI_LABApp.swift in Sources */ = {isa = PBXBuildFile; fileRef = 6F0FB7C528771E5B00C390DD /* SwiftUI_LABApp.swift */; };
		6F0FB7C828771E5B00C390DD /* ContentView.swift in Sources */ = {isa = PBXBuildFile; fileRef = 6F0FB7C728771E5B00C390DD /* ContentView.swift */; };
		6F0FB7CA28771E5C00C390DD /* Assets.xcassets in Resources */ = {isa = PBXBuildFile; fileRef = 6F0FB7C928771E5C00C390DD /* Assets.xcassets */; };
		6F0FB7CD28771E5C00C390DD /* Preview Assets.xcassets in Resources */ = {isa = PBXBuildFile; fileRef = 6F0FB7CC28771E5C00C390DD /* Preview Assets.xcassets */; };
		6F0FB7D728771E5C00C390DD /* SwiftUI_LABTests.swift in Sources */ = {isa = PBXBuildFile; fileRef = 6F0FB7D628771E5C00C390DD /* SwiftUI_LABTests.swift */; };
		6F0FB7E128771E5C00C390DD /* SwiftUI_LABUITests.swift in Sources */ = {isa = PBXBuildFile; fileRef = 6F0FB7E028771E5C00C390DD /* SwiftUI_LABUITests.swift */; };
		6F0FB7E328771E5C00C390DD /* SwiftUI_LABUITestsLaunchTests.swift in Sources */ = {isa = PBXBuildFile; fileRef = 6F0FB7E228771E5C00C390DD /* SwiftUI_LABUITestsLaunchTests.swift */; };
		6F0FB7F62877207C00C390DD /* Ex+View.swift in Sources */ = {isa = PBXBuildFile; fileRef = 6F0FB7F52877207C00C390DD /* Ex+View.swift */; };
		6F347EB32894E9B5005329DE /* MemoListView.swift in Sources */ = {isa = PBXBuildFile; fileRef = 6F347EB22894E9B5005329DE /* MemoListView.swift */; };
		6F347EB62894EA29005329DE /* Memo.swift in Sources */ = {isa = PBXBuildFile; fileRef = 6F347EB52894EA29005329DE /* Memo.swift */; };
		6F347EB82894EA8C005329DE /* MemoStore.swift in Sources */ = {isa = PBXBuildFile; fileRef = 6F347EB72894EA8C005329DE /* MemoStore.swift */; };
		6F347EBA2894F0A9005329DE /* MemoCell.swift in Sources */ = {isa = PBXBuildFile; fileRef = 6F347EB92894F0A9005329DE /* MemoCell.swift */; };
		6F347EBD2894F151005329DE /* ComposeView.swift in Sources */ = {isa = PBXBuildFile; fileRef = 6F347EBC2894F151005329DE /* ComposeView.swift */; };
		6F809432288B3D2400CD12F8 /* OAuthContentView.swift in Sources */ = {isa = PBXBuildFile; fileRef = 6F809431288B3D2400CD12F8 /* OAuthContentView.swift */; };
		6F809434288B3D7300CD12F8 /* LoginView.swift in Sources */ = {isa = PBXBuildFile; fileRef = 6F809433288B3D7300CD12F8 /* LoginView.swift */; };
		6F809436288B3D7E00CD12F8 /* RegisterView.swift in Sources */ = {isa = PBXBuildFile; fileRef = 6F809435288B3D7E00CD12F8 /* RegisterView.swift */; };
		6F809438288B3D8A00CD12F8 /* UserListView.swift in Sources */ = {isa = PBXBuildFile; fileRef = 6F809437288B3D8A00CD12F8 /* UserListView.swift */; };
		6F80943A288B3D9500CD12F8 /* ProfileView.swift in Sources */ = {isa = PBXBuildFile; fileRef = 6F809439288B3D9500CD12F8 /* ProfileView.swift */; };
		6F80943C288B40A300CD12F8 /* UserData.swift in Sources */ = {isa = PBXBuildFile; fileRef = 6F80943B288B40A300CD12F8 /* UserData.swift */; };
		6F80943F288BC89600CD12F8 /* OtherUserProfileView.swift in Sources */ = {isa = PBXBuildFile; fileRef = 6F80943E288BC89600CD12F8 /* OtherUserProfileView.swift */; };
		6F809443288C2F4200CD12F8 /* APIClient.swift in Sources */ = {isa = PBXBuildFile; fileRef = 6F809442288C2F4200CD12F8 /* APIClient.swift */; };
		6F809445288C2FD500CD12F8 /* BaseInterceptor.swift in Sources */ = {isa = PBXBuildFile; fileRef = 6F809444288C2FD500CD12F8 /* BaseInterceptor.swift */; };
		6F809447288C30DC00CD12F8 /* APILogger.swift in Sources */ = {isa = PBXBuildFile; fileRef = 6F809446288C30DC00CD12F8 /* APILogger.swift */; };
		6F809449288C32B400CD12F8 /* AuthRouter.swift in Sources */ = {isa = PBXBuildFile; fileRef = 6F809448288C32B400CD12F8 /* AuthRouter.swift */; };
		6F80944B288C37D700CD12F8 /* AuthAPIService.swift in Sources */ = {isa = PBXBuildFile; fileRef = 6F80944A288C37D700CD12F8 /* AuthAPIService.swift */; };
		6F80944D288C439000CD12F8 /* TokenData.swift in Sources */ = {isa = PBXBuildFile; fileRef = 6F80944C288C439000CD12F8 /* TokenData.swift */; };
		6F80944F288C43F100CD12F8 /* AuthResponse.swift in Sources */ = {isa = PBXBuildFile; fileRef = 6F80944E288C43F100CD12F8 /* AuthResponse.swift */; };
		6F809451288C44E300CD12F8 /* UserViewModel.swift in Sources */ = {isa = PBXBuildFile; fileRef = 6F809450288C44E300CD12F8 /* UserViewModel.swift */; };
		6F809453288C470000CD12F8 /* UserDefaultsManager.swift in Sources */ = {isa = PBXBuildFile; fileRef = 6F809452288C470000CD12F8 /* UserDefaultsManager.swift */; };
		6F8FE68A287722C300F765C0 /* ColorPickerContentView.swift in Sources */ = {isa = PBXBuildFile; fileRef = 6F8FE689287722C300F765C0 /* ColorPickerContentView.swift */; };
		6F8FE68C287722EA00F765C0 /* ColorCirclesView.swift in Sources */ = {isa = PBXBuildFile; fileRef = 6F8FE68B287722EA00F765C0 /* ColorCirclesView.swift */; };
		6F8FE68E287723A800F765C0 /* Ex+Color.swift in Sources */ = {isa = PBXBuildFile; fileRef = 6F8FE68D287723A800F765C0 /* Ex+Color.swift */; };
		6FB4243D2889545F00006958 /* ProfileImageView.swift in Sources */ = {isa = PBXBuildFile; fileRef = 6FB4243C2889545E00006958 /* ProfileImageView.swift */; };
		6FB4243F2889547200006958 /* ProfileContentView.swift in Sources */ = {isa = PBXBuildFile; fileRef = 6FB4243E2889547200006958 /* ProfileContentView.swift */; };
		6FB424422889555500006958 /* URLImage in Frameworks */ = {isa = PBXBuildFile; productRef = 6FB424412889555500006958 /* URLImage */; };
		6FB424442889555500006958 /* URLImageStore in Frameworks */ = {isa = PBXBuildFile; productRef = 6FB424432889555500006958 /* URLImageStore */; };
		6FB42446288957AB00006958 /* RandomUserRowView.swift in Sources */ = {isa = PBXBuildFile; fileRef = 6FB42445288957AB00006958 /* RandomUserRowView.swift */; };
		6FB42449288959E600006958 /* Alamofire in Frameworks */ = {isa = PBXBuildFile; productRef = 6FB42448288959E600006958 /* Alamofire */; };
		6FB4244C28895A7100006958 /* RandomUser+ResponseData.swift in Sources */ = {isa = PBXBuildFile; fileRef = 6FB4244B28895A7100006958 /* RandomUser+ResponseData.swift */; };
		6FB4244E28895D3800006958 /* RandomUserViewModel.swift in Sources */ = {isa = PBXBuildFile; fileRef = 6FB4244D28895D3800006958 /* RandomUserViewModel.swift */; };
/* End PBXBuildFile section */

/* Begin PBXContainerItemProxy section */
		6F0FB7D328771E5C00C390DD /* PBXContainerItemProxy */ = {
			isa = PBXContainerItemProxy;
			containerPortal = 6F0FB7BA28771E5A00C390DD /* Project object */;
			proxyType = 1;
			remoteGlobalIDString = 6F0FB7C128771E5B00C390DD;
			remoteInfo = SwiftUI_LAB;
		};
		6F0FB7DD28771E5C00C390DD /* PBXContainerItemProxy */ = {
			isa = PBXContainerItemProxy;
			containerPortal = 6F0FB7BA28771E5A00C390DD /* Project object */;
			proxyType = 1;
			remoteGlobalIDString = 6F0FB7C128771E5B00C390DD;
			remoteInfo = SwiftUI_LAB;
		};
/* End PBXContainerItemProxy section */

/* Begin PBXFileReference section */
		6F0FB7C228771E5B00C390DD /* SwiftUI_LAB.app */ = {isa = PBXFileReference; explicitFileType = wrapper.application; includeInIndex = 0; path = SwiftUI_LAB.app; sourceTree = BUILT_PRODUCTS_DIR; };
		6F0FB7C528771E5B00C390DD /* SwiftUI_LABApp.swift */ = {isa = PBXFileReference; lastKnownFileType = sourcecode.swift; path = SwiftUI_LABApp.swift; sourceTree = "<group>"; };
		6F0FB7C728771E5B00C390DD /* ContentView.swift */ = {isa = PBXFileReference; lastKnownFileType = sourcecode.swift; path = ContentView.swift; sourceTree = "<group>"; };
		6F0FB7C928771E5C00C390DD /* Assets.xcassets */ = {isa = PBXFileReference; lastKnownFileType = folder.assetcatalog; path = Assets.xcassets; sourceTree = "<group>"; };
		6F0FB7CC28771E5C00C390DD /* Preview Assets.xcassets */ = {isa = PBXFileReference; lastKnownFileType = folder.assetcatalog; path = "Preview Assets.xcassets"; sourceTree = "<group>"; };
		6F0FB7D228771E5C00C390DD /* SwiftUI_LABTests.xctest */ = {isa = PBXFileReference; explicitFileType = wrapper.cfbundle; includeInIndex = 0; path = SwiftUI_LABTests.xctest; sourceTree = BUILT_PRODUCTS_DIR; };
		6F0FB7D628771E5C00C390DD /* SwiftUI_LABTests.swift */ = {isa = PBXFileReference; lastKnownFileType = sourcecode.swift; path = SwiftUI_LABTests.swift; sourceTree = "<group>"; };
		6F0FB7DC28771E5C00C390DD /* SwiftUI_LABUITests.xctest */ = {isa = PBXFileReference; explicitFileType = wrapper.cfbundle; includeInIndex = 0; path = SwiftUI_LABUITests.xctest; sourceTree = BUILT_PRODUCTS_DIR; };
		6F0FB7E028771E5C00C390DD /* SwiftUI_LABUITests.swift */ = {isa = PBXFileReference; lastKnownFileType = sourcecode.swift; path = SwiftUI_LABUITests.swift; sourceTree = "<group>"; };
		6F0FB7E228771E5C00C390DD /* SwiftUI_LABUITestsLaunchTests.swift */ = {isa = PBXFileReference; lastKnownFileType = sourcecode.swift; path = SwiftUI_LABUITestsLaunchTests.swift; sourceTree = "<group>"; };
		6F0FB7F52877207C00C390DD /* Ex+View.swift */ = {isa = PBXFileReference; lastKnownFileType = sourcecode.swift; path = "Ex+View.swift"; sourceTree = "<group>"; };
		6F347EB22894E9B5005329DE /* MemoListView.swift */ = {isa = PBXFileReference; lastKnownFileType = sourcecode.swift; path = MemoListView.swift; sourceTree = "<group>"; };
		6F347EB52894EA29005329DE /* Memo.swift */ = {isa = PBXFileReference; lastKnownFileType = sourcecode.swift; path = Memo.swift; sourceTree = "<group>"; };
		6F347EB72894EA8C005329DE /* MemoStore.swift */ = {isa = PBXFileReference; lastKnownFileType = sourcecode.swift; path = MemoStore.swift; sourceTree = "<group>"; };
		6F347EB92894F0A9005329DE /* MemoCell.swift */ = {isa = PBXFileReference; lastKnownFileType = sourcecode.swift; path = MemoCell.swift; sourceTree = "<group>"; };
		6F347EBC2894F151005329DE /* ComposeView.swift */ = {isa = PBXFileReference; lastKnownFileType = sourcecode.swift; path = ComposeView.swift; sourceTree = "<group>"; };
		6F809431288B3D2400CD12F8 /* OAuthContentView.swift */ = {isa = PBXFileReference; lastKnownFileType = sourcecode.swift; path = OAuthContentView.swift; sourceTree = "<group>"; };
		6F809433288B3D7300CD12F8 /* LoginView.swift */ = {isa = PBXFileReference; lastKnownFileType = sourcecode.swift; path = LoginView.swift; sourceTree = "<group>"; };
		6F809435288B3D7E00CD12F8 /* RegisterView.swift */ = {isa = PBXFileReference; lastKnownFileType = sourcecode.swift; path = RegisterView.swift; sourceTree = "<group>"; };
		6F809437288B3D8A00CD12F8 /* UserListView.swift */ = {isa = PBXFileReference; lastKnownFileType = sourcecode.swift; path = UserListView.swift; sourceTree = "<group>"; };
		6F809439288B3D9500CD12F8 /* ProfileView.swift */ = {isa = PBXFileReference; lastKnownFileType = sourcecode.swift; path = ProfileView.swift; sourceTree = "<group>"; };
		6F80943B288B40A300CD12F8 /* UserData.swift */ = {isa = PBXFileReference; lastKnownFileType = sourcecode.swift; path = UserData.swift; sourceTree = "<group>"; };
		6F80943D288BC74900CD12F8 /* SwiftUI-LAB-Info.plist */ = {isa = PBXFileReference; lastKnownFileType = text.plist; path = "SwiftUI-LAB-Info.plist"; sourceTree = SOURCE_ROOT; };
		6F80943E288BC89600CD12F8 /* OtherUserProfileView.swift */ = {isa = PBXFileReference; lastKnownFileType = sourcecode.swift; path = OtherUserProfileView.swift; sourceTree = "<group>"; };
		6F809442288C2F4200CD12F8 /* APIClient.swift */ = {isa = PBXFileReference; lastKnownFileType = sourcecode.swift; path = APIClient.swift; sourceTree = "<group>"; };
		6F809444288C2FD500CD12F8 /* BaseInterceptor.swift */ = {isa = PBXFileReference; lastKnownFileType = sourcecode.swift; path = BaseInterceptor.swift; sourceTree = "<group>"; };
		6F809446288C30DC00CD12F8 /* APILogger.swift */ = {isa = PBXFileReference; lastKnownFileType = sourcecode.swift; path = APILogger.swift; sourceTree = "<group>"; };
		6F809448288C32B400CD12F8 /* AuthRouter.swift */ = {isa = PBXFileReference; lastKnownFileType = sourcecode.swift; path = AuthRouter.swift; sourceTree = "<group>"; };
		6F80944A288C37D700CD12F8 /* AuthAPIService.swift */ = {isa = PBXFileReference; lastKnownFileType = sourcecode.swift; path = AuthAPIService.swift; sourceTree = "<group>"; };
		6F80944C288C439000CD12F8 /* TokenData.swift */ = {isa = PBXFileReference; lastKnownFileType = sourcecode.swift; path = TokenData.swift; sourceTree = "<group>"; };
		6F80944E288C43F100CD12F8 /* AuthResponse.swift */ = {isa = PBXFileReference; lastKnownFileType = sourcecode.swift; path = AuthResponse.swift; sourceTree = "<group>"; };
		6F809450288C44E300CD12F8 /* UserViewModel.swift */ = {isa = PBXFileReference; lastKnownFileType = sourcecode.swift; path = UserViewModel.swift; sourceTree = "<group>"; };
		6F809452288C470000CD12F8 /* UserDefaultsManager.swift */ = {isa = PBXFileReference; lastKnownFileType = sourcecode.swift; path = UserDefaultsManager.swift; sourceTree = "<group>"; };
		6F8FE689287722C300F765C0 /* ColorPickerContentView.swift */ = {isa = PBXFileReference; lastKnownFileType = sourcecode.swift; path = ColorPickerContentView.swift; sourceTree = "<group>"; };
		6F8FE68B287722EA00F765C0 /* ColorCirclesView.swift */ = {isa = PBXFileReference; lastKnownFileType = sourcecode.swift; path = ColorCirclesView.swift; sourceTree = "<group>"; };
		6F8FE68D287723A800F765C0 /* Ex+Color.swift */ = {isa = PBXFileReference; lastKnownFileType = sourcecode.swift; path = "Ex+Color.swift"; sourceTree = "<group>"; };
		6FB4243C2889545E00006958 /* ProfileImageView.swift */ = {isa = PBXFileReference; lastKnownFileType = sourcecode.swift; path = ProfileImageView.swift; sourceTree = "<group>"; };
		6FB4243E2889547200006958 /* ProfileContentView.swift */ = {isa = PBXFileReference; lastKnownFileType = sourcecode.swift; path = ProfileContentView.swift; sourceTree = "<group>"; };
		6FB42445288957AB00006958 /* RandomUserRowView.swift */ = {isa = PBXFileReference; lastKnownFileType = sourcecode.swift; path = RandomUserRowView.swift; sourceTree = "<group>"; };
		6FB4244B28895A7100006958 /* RandomUser+ResponseData.swift */ = {isa = PBXFileReference; lastKnownFileType = sourcecode.swift; path = "RandomUser+ResponseData.swift"; sourceTree = "<group>"; };
		6FB4244D28895D3800006958 /* RandomUserViewModel.swift */ = {isa = PBXFileReference; lastKnownFileType = sourcecode.swift; path = RandomUserViewModel.swift; sourceTree = "<group>"; };
/* End PBXFileReference section */

/* Begin PBXFrameworksBuildPhase section */
		6F0FB7BF28771E5B00C390DD /* Frameworks */ = {
			isa = PBXFrameworksBuildPhase;
			buildActionMask = 2147483647;
			files = (
				6FB42449288959E600006958 /* Alamofire in Frameworks */,
				6FB424442889555500006958 /* URLImageStore in Frameworks */,
				6FB424422889555500006958 /* URLImage in Frameworks */,
			);
			runOnlyForDeploymentPostprocessing = 0;
		};
		6F0FB7CF28771E5C00C390DD /* Frameworks */ = {
			isa = PBXFrameworksBuildPhase;
			buildActionMask = 2147483647;
			files = (
			);
			runOnlyForDeploymentPostprocessing = 0;
		};
		6F0FB7D928771E5C00C390DD /* Frameworks */ = {
			isa = PBXFrameworksBuildPhase;
			buildActionMask = 2147483647;
			files = (
			);
			runOnlyForDeploymentPostprocessing = 0;
		};
/* End PBXFrameworksBuildPhase section */

/* Begin PBXGroup section */
		6F0FB7B928771E5A00C390DD = {
			isa = PBXGroup;
			children = (
				6F0FB7C428771E5B00C390DD /* SwiftUI_LAB */,
				6F0FB7D528771E5C00C390DD /* SwiftUI_LABTests */,
				6F0FB7DF28771E5C00C390DD /* SwiftUI_LABUITests */,
				6F0FB7C328771E5B00C390DD /* Products */,
			);
			sourceTree = "<group>";
		};
		6F0FB7C328771E5B00C390DD /* Products */ = {
			isa = PBXGroup;
			children = (
				6F0FB7C228771E5B00C390DD /* SwiftUI_LAB.app */,
				6F0FB7D228771E5C00C390DD /* SwiftUI_LABTests.xctest */,
				6F0FB7DC28771E5C00C390DD /* SwiftUI_LABUITests.xctest */,
			);
			name = Products;
			sourceTree = "<group>";
		};
		6F0FB7C428771E5B00C390DD /* SwiftUI_LAB */ = {
			isa = PBXGroup;
			children = (
				6F80943D288BC74900CD12F8 /* SwiftUI-LAB-Info.plist */,
				6F0FB7C528771E5B00C390DD /* SwiftUI_LABApp.swift */,
				6F0FB7F22877204F00C390DD /* Configuration */,
				6F0FB7F32877205600C390DD /* Sources */,
			);
			path = SwiftUI_LAB;
			sourceTree = "<group>";
		};
		6F0FB7D528771E5C00C390DD /* SwiftUI_LABTests */ = {
			isa = PBXGroup;
			children = (
				6F0FB7D628771E5C00C390DD /* SwiftUI_LABTests.swift */,
			);
			path = SwiftUI_LABTests;
			sourceTree = "<group>";
		};
		6F0FB7DF28771E5C00C390DD /* SwiftUI_LABUITests */ = {
			isa = PBXGroup;
			children = (
				6F0FB7E028771E5C00C390DD /* SwiftUI_LABUITests.swift */,
				6F0FB7E228771E5C00C390DD /* SwiftUI_LABUITestsLaunchTests.swift */,
			);
			path = SwiftUI_LABUITests;
			sourceTree = "<group>";
		};
		6F0FB7EF2877202000C390DD /* View */ = {
			isa = PBXGroup;
			children = (
				6F0FB7C728771E5B00C390DD /* ContentView.swift */,
				6F347EB12894E9A7005329DE /* Memo */,
				6F809430288B3D0000CD12F8 /* OAuth */,
				6FB4243B288953DD00006958 /* Alamofire+Combine */,
				6F8FE688287722A400F765C0 /* CustomColorPicker */,
			);
			path = View;
			sourceTree = "<group>";
		};
		6F0FB7F12877204400C390DD /* Extension */ = {
			isa = PBXGroup;
			children = (
				6F0FB7F52877207C00C390DD /* Ex+View.swift */,
				6F8FE68D287723A800F765C0 /* Ex+Color.swift */,
			);
			path = Extension;
			sourceTree = "<group>";
		};
		6F0FB7F22877204F00C390DD /* Configuration */ = {
			isa = PBXGroup;
			children = (
				6F0FB7F7287720A400C390DD /* Assets */,
				6F0FB7F12877204400C390DD /* Extension */,
			);
			path = Configuration;
			sourceTree = "<group>";
		};
		6F0FB7F32877205600C390DD /* Sources */ = {
			isa = PBXGroup;
			children = (
				6F0FB7EF2877202000C390DD /* View */,
			);
			name = Sources;
			sourceTree = "<group>";
		};
		6F0FB7F7287720A400C390DD /* Assets */ = {
			isa = PBXGroup;
			children = (
				6F0FB7C928771E5C00C390DD /* Assets.xcassets */,
				6F0FB7CC28771E5C00C390DD /* Preview Assets.xcassets */,
			);
			path = Assets;
			sourceTree = "<group>";
		};
		6F347EB12894E9A7005329DE /* Memo */ = {
			isa = PBXGroup;
			children = (
				6F347EB22894E9B5005329DE /* MemoListView.swift */,
				6F347EBB2894F108005329DE /* SubViews */,
				6F347EB42894EA1F005329DE /* Model */,
				6F347EB72894EA8C005329DE /* MemoStore.swift */,
			);
			path = Memo;
			sourceTree = "<group>";
		};
		6F347EB42894EA1F005329DE /* Model */ = {
			isa = PBXGroup;
			children = (
				6F347EB52894EA29005329DE /* Memo.swift */,
			);
			path = Model;
			sourceTree = "<group>";
		};
		6F347EBB2894F108005329DE /* SubViews */ = {
			isa = PBXGroup;
			children = (
				6F347EB92894F0A9005329DE /* MemoCell.swift */,
				6F347EBC2894F151005329DE /* ComposeView.swift */,
			);
			path = SubViews;
			sourceTree = "<group>";
		};
		6F809430288B3D0000CD12F8 /* OAuth */ = {
			isa = PBXGroup;
			children = (
				6F809431288B3D2400CD12F8 /* OAuthContentView.swift */,
				6F809441288C2F0E00CD12F8 /* SubView */,
				6F809440288C2F0600CD12F8 /* Model */,
				6F809442288C2F4200CD12F8 /* APIClient.swift */,
				6F809446288C30DC00CD12F8 /* APILogger.swift */,
				6F809448288C32B400CD12F8 /* AuthRouter.swift */,
				6F809444288C2FD500CD12F8 /* BaseInterceptor.swift */,
				6F80944A288C37D700CD12F8 /* AuthAPIService.swift */,
			);
			path = OAuth;
			sourceTree = "<group>";
		};
		6F809440288C2F0600CD12F8 /* Model */ = {
			isa = PBXGroup;
			children = (
				6F80943B288B40A300CD12F8 /* UserData.swift */,
				6F80944C288C439000CD12F8 /* TokenData.swift */,
				6F80944E288C43F100CD12F8 /* AuthResponse.swift */,
				6F809450288C44E300CD12F8 /* UserViewModel.swift */,
			);
			path = Model;
			sourceTree = "<group>";
		};
		6F809441288C2F0E00CD12F8 /* SubView */ = {
			isa = PBXGroup;
			children = (
				6F809433288B3D7300CD12F8 /* LoginView.swift */,
				6F809435288B3D7E00CD12F8 /* RegisterView.swift */,
				6F809437288B3D8A00CD12F8 /* UserListView.swift */,
				6F809439288B3D9500CD12F8 /* ProfileView.swift */,
				6F80943E288BC89600CD12F8 /* OtherUserProfileView.swift */,
				6F809452288C470000CD12F8 /* UserDefaultsManager.swift */,
			);
			path = SubView;
			sourceTree = "<group>";
		};
		6F8FE688287722A400F765C0 /* CustomColorPicker */ = {
			isa = PBXGroup;
			children = (
				6F8FE689287722C300F765C0 /* ColorPickerContentView.swift */,
				6F8FE68B287722EA00F765C0 /* ColorCirclesView.swift */,
			);
			path = CustomColorPicker;
			sourceTree = "<group>";
		};
		6FB4243B288953DD00006958 /* Alamofire+Combine */ = {
			isa = PBXGroup;
			children = (
				6FB4244A28895A2B00006958 /* Data */,
				6FB4243E2889547200006958 /* ProfileContentView.swift */,
				6FB4243C2889545E00006958 /* ProfileImageView.swift */,
				6FB42445288957AB00006958 /* RandomUserRowView.swift */,
			);
			path = "Alamofire+Combine";
			sourceTree = "<group>";
		};
		6FB4244A28895A2B00006958 /* Data */ = {
			isa = PBXGroup;
			children = (
				6FB4244B28895A7100006958 /* RandomUser+ResponseData.swift */,
				6FB4244D28895D3800006958 /* RandomUserViewModel.swift */,
			);
			path = Data;
			sourceTree = "<group>";
		};
/* End PBXGroup section */

/* Begin PBXNativeTarget section */
		6F0FB7C128771E5B00C390DD /* SwiftUI_LAB */ = {
			isa = PBXNativeTarget;
			buildConfigurationList = 6F0FB7E628771E5C00C390DD /* Build configuration list for PBXNativeTarget "SwiftUI_LAB" */;
			buildPhases = (
				6F0FB7BE28771E5B00C390DD /* Sources */,
				6F0FB7BF28771E5B00C390DD /* Frameworks */,
				6F0FB7C028771E5B00C390DD /* Resources */,
			);
			buildRules = (
			);
			dependencies = (
			);
			name = SwiftUI_LAB;
			packageProductDependencies = (
				6FB424412889555500006958 /* URLImage */,
				6FB424432889555500006958 /* URLImageStore */,
				6FB42448288959E600006958 /* Alamofire */,
			);
			productName = SwiftUI_LAB;
			productReference = 6F0FB7C228771E5B00C390DD /* SwiftUI_LAB.app */;
			productType = "com.apple.product-type.application";
		};
		6F0FB7D128771E5C00C390DD /* SwiftUI_LABTests */ = {
			isa = PBXNativeTarget;
			buildConfigurationList = 6F0FB7E928771E5C00C390DD /* Build configuration list for PBXNativeTarget "SwiftUI_LABTests" */;
			buildPhases = (
				6F0FB7CE28771E5C00C390DD /* Sources */,
				6F0FB7CF28771E5C00C390DD /* Frameworks */,
				6F0FB7D028771E5C00C390DD /* Resources */,
			);
			buildRules = (
			);
			dependencies = (
				6F0FB7D428771E5C00C390DD /* PBXTargetDependency */,
			);
			name = SwiftUI_LABTests;
			productName = SwiftUI_LABTests;
			productReference = 6F0FB7D228771E5C00C390DD /* SwiftUI_LABTests.xctest */;
			productType = "com.apple.product-type.bundle.unit-test";
		};
		6F0FB7DB28771E5C00C390DD /* SwiftUI_LABUITests */ = {
			isa = PBXNativeTarget;
			buildConfigurationList = 6F0FB7EC28771E5C00C390DD /* Build configuration list for PBXNativeTarget "SwiftUI_LABUITests" */;
			buildPhases = (
				6F0FB7D828771E5C00C390DD /* Sources */,
				6F0FB7D928771E5C00C390DD /* Frameworks */,
				6F0FB7DA28771E5C00C390DD /* Resources */,
			);
			buildRules = (
			);
			dependencies = (
				6F0FB7DE28771E5C00C390DD /* PBXTargetDependency */,
			);
			name = SwiftUI_LABUITests;
			productName = SwiftUI_LABUITests;
			productReference = 6F0FB7DC28771E5C00C390DD /* SwiftUI_LABUITests.xctest */;
			productType = "com.apple.product-type.bundle.ui-testing";
		};
/* End PBXNativeTarget section */

/* Begin PBXProject section */
		6F0FB7BA28771E5A00C390DD /* Project object */ = {
			isa = PBXProject;
			attributes = {
				BuildIndependentTargetsInParallel = 1;
				LastSwiftUpdateCheck = 1320;
				LastUpgradeCheck = 1320;
				TargetAttributes = {
					6F0FB7C128771E5B00C390DD = {
						CreatedOnToolsVersion = 13.2.1;
					};
					6F0FB7D128771E5C00C390DD = {
						CreatedOnToolsVersion = 13.2.1;
						TestTargetID = 6F0FB7C128771E5B00C390DD;
					};
					6F0FB7DB28771E5C00C390DD = {
						CreatedOnToolsVersion = 13.2.1;
						TestTargetID = 6F0FB7C128771E5B00C390DD;
					};
				};
			};
			buildConfigurationList = 6F0FB7BD28771E5A00C390DD /* Build configuration list for PBXProject "SwiftUI_LAB" */;
			compatibilityVersion = "Xcode 13.0";
			developmentRegion = en;
			hasScannedForEncodings = 0;
			knownRegions = (
				en,
				Base,
			);
			mainGroup = 6F0FB7B928771E5A00C390DD;
			packageReferences = (
				6FB424402889555500006958 /* XCRemoteSwiftPackageReference "url-image" */,
				6FB42447288959E600006958 /* XCRemoteSwiftPackageReference "Alamofire" */,
			);
			productRefGroup = 6F0FB7C328771E5B00C390DD /* Products */;
			projectDirPath = "";
			projectRoot = "";
			targets = (
				6F0FB7C128771E5B00C390DD /* SwiftUI_LAB */,
				6F0FB7D128771E5C00C390DD /* SwiftUI_LABTests */,
				6F0FB7DB28771E5C00C390DD /* SwiftUI_LABUITests */,
			);
		};
/* End PBXProject section */

/* Begin PBXResourcesBuildPhase section */
		6F0FB7C028771E5B00C390DD /* Resources */ = {
			isa = PBXResourcesBuildPhase;
			buildActionMask = 2147483647;
			files = (
				6F0FB7CD28771E5C00C390DD /* Preview Assets.xcassets in Resources */,
				6F0FB7CA28771E5C00C390DD /* Assets.xcassets in Resources */,
			);
			runOnlyForDeploymentPostprocessing = 0;
		};
		6F0FB7D028771E5C00C390DD /* Resources */ = {
			isa = PBXResourcesBuildPhase;
			buildActionMask = 2147483647;
			files = (
			);
			runOnlyForDeploymentPostprocessing = 0;
		};
		6F0FB7DA28771E5C00C390DD /* Resources */ = {
			isa = PBXResourcesBuildPhase;
			buildActionMask = 2147483647;
			files = (
			);
			runOnlyForDeploymentPostprocessing = 0;
		};
/* End PBXResourcesBuildPhase section */

/* Begin PBXSourcesBuildPhase section */
		6F0FB7BE28771E5B00C390DD /* Sources */ = {
			isa = PBXSourcesBuildPhase;
			buildActionMask = 2147483647;
			files = (
				6F809432288B3D2400CD12F8 /* OAuthContentView.swift in Sources */,
				6F809438288B3D8A00CD12F8 /* UserListView.swift in Sources */,
				6F8FE68C287722EA00F765C0 /* ColorCirclesView.swift in Sources */,
				6F80944F288C43F100CD12F8 /* AuthResponse.swift in Sources */,
				6F809447288C30DC00CD12F8 /* APILogger.swift in Sources */,
				6FB4243D2889545F00006958 /* ProfileImageView.swift in Sources */,
				6F809436288B3D7E00CD12F8 /* RegisterView.swift in Sources */,
				6FB4244C28895A7100006958 /* RandomUser+ResponseData.swift in Sources */,
				6F809445288C2FD500CD12F8 /* BaseInterceptor.swift in Sources */,
				6F809451288C44E300CD12F8 /* UserViewModel.swift in Sources */,
				6F347EB62894EA29005329DE /* Memo.swift in Sources */,
				6F809449288C32B400CD12F8 /* AuthRouter.swift in Sources */,
				6F809443288C2F4200CD12F8 /* APIClient.swift in Sources */,
				6F347EB82894EA8C005329DE /* MemoStore.swift in Sources */,
				6FB4243F2889547200006958 /* ProfileContentView.swift in Sources */,
				6F347EBA2894F0A9005329DE /* MemoCell.swift in Sources */,
				6F0FB7C828771E5B00C390DD /* ContentView.swift in Sources */,
				6F80943A288B3D9500CD12F8 /* ProfileView.swift in Sources */,
				6F80944D288C439000CD12F8 /* TokenData.swift in Sources */,
				6F80944B288C37D700CD12F8 /* AuthAPIService.swift in Sources */,
				6F0FB7F62877207C00C390DD /* Ex+View.swift in Sources */,
				6F347EB32894E9B5005329DE /* MemoListView.swift in Sources */,
				6FB42446288957AB00006958 /* RandomUserRowView.swift in Sources */,
				6FB4244E28895D3800006958 /* RandomUserViewModel.swift in Sources */,
				6F80943F288BC89600CD12F8 /* OtherUserProfileView.swift in Sources */,
				6F8FE68A287722C300F765C0 /* ColorPickerContentView.swift in Sources */,
				6F80943C288B40A300CD12F8 /* UserData.swift in Sources */,
				6F809453288C470000CD12F8 /* UserDefaultsManager.swift in Sources */,
				6F809434288B3D7300CD12F8 /* LoginView.swift in Sources */,
				6F347EBD2894F151005329DE /* ComposeView.swift in Sources */,
				6F8FE68E287723A800F765C0 /* Ex+Color.swift in Sources */,
				6F0FB7C628771E5B00C390DD /* SwiftUI_LABApp.swift in Sources */,
			);
			runOnlyForDeploymentPostprocessing = 0;
		};
		6F0FB7CE28771E5C00C390DD /* Sources */ = {
			isa = PBXSourcesBuildPhase;
			buildActionMask = 2147483647;
			files = (
				6F0FB7D728771E5C00C390DD /* SwiftUI_LABTests.swift in Sources */,
			);
			runOnlyForDeploymentPostprocessing = 0;
		};
		6F0FB7D828771E5C00C390DD /* Sources */ = {
			isa = PBXSourcesBuildPhase;
			buildActionMask = 2147483647;
			files = (
				6F0FB7E328771E5C00C390DD /* SwiftUI_LABUITestsLaunchTests.swift in Sources */,
				6F0FB7E128771E5C00C390DD /* SwiftUI_LABUITests.swift in Sources */,
			);
			runOnlyForDeploymentPostprocessing = 0;
		};
/* End PBXSourcesBuildPhase section */

/* Begin PBXTargetDependency section */
		6F0FB7D428771E5C00C390DD /* PBXTargetDependency */ = {
			isa = PBXTargetDependency;
			target = 6F0FB7C128771E5B00C390DD /* SwiftUI_LAB */;
			targetProxy = 6F0FB7D328771E5C00C390DD /* PBXContainerItemProxy */;
		};
		6F0FB7DE28771E5C00C390DD /* PBXTargetDependency */ = {
			isa = PBXTargetDependency;
			target = 6F0FB7C128771E5B00C390DD /* SwiftUI_LAB */;
			targetProxy = 6F0FB7DD28771E5C00C390DD /* PBXContainerItemProxy */;
		};
/* End PBXTargetDependency section */

/* Begin XCBuildConfiguration section */
		6F0FB7E428771E5C00C390DD /* Debug */ = {
			isa = XCBuildConfiguration;
			buildSettings = {
				ALWAYS_SEARCH_USER_PATHS = NO;
				CLANG_ANALYZER_NONNULL = YES;
				CLANG_ANALYZER_NUMBER_OBJECT_CONVERSION = YES_AGGRESSIVE;
				CLANG_CXX_LANGUAGE_STANDARD = "gnu++17";
				CLANG_CXX_LIBRARY = "libc++";
				CLANG_ENABLE_MODULES = YES;
				CLANG_ENABLE_OBJC_ARC = YES;
				CLANG_ENABLE_OBJC_WEAK = YES;
				CLANG_WARN_BLOCK_CAPTURE_AUTORELEASING = YES;
				CLANG_WARN_BOOL_CONVERSION = YES;
				CLANG_WARN_COMMA = YES;
				CLANG_WARN_CONSTANT_CONVERSION = YES;
				CLANG_WARN_DEPRECATED_OBJC_IMPLEMENTATIONS = YES;
				CLANG_WARN_DIRECT_OBJC_ISA_USAGE = YES_ERROR;
				CLANG_WARN_DOCUMENTATION_COMMENTS = YES;
				CLANG_WARN_EMPTY_BODY = YES;
				CLANG_WARN_ENUM_CONVERSION = YES;
				CLANG_WARN_INFINITE_RECURSION = YES;
				CLANG_WARN_INT_CONVERSION = YES;
				CLANG_WARN_NON_LITERAL_NULL_CONVERSION = YES;
				CLANG_WARN_OBJC_IMPLICIT_RETAIN_SELF = YES;
				CLANG_WARN_OBJC_LITERAL_CONVERSION = YES;
				CLANG_WARN_OBJC_ROOT_CLASS = YES_ERROR;
				CLANG_WARN_QUOTED_INCLUDE_IN_FRAMEWORK_HEADER = YES;
				CLANG_WARN_RANGE_LOOP_ANALYSIS = YES;
				CLANG_WARN_STRICT_PROTOTYPES = YES;
				CLANG_WARN_SUSPICIOUS_MOVE = YES;
				CLANG_WARN_UNGUARDED_AVAILABILITY = YES_AGGRESSIVE;
				CLANG_WARN_UNREACHABLE_CODE = YES;
				CLANG_WARN__DUPLICATE_METHOD_MATCH = YES;
				COPY_PHASE_STRIP = NO;
				DEBUG_INFORMATION_FORMAT = dwarf;
				ENABLE_STRICT_OBJC_MSGSEND = YES;
				ENABLE_TESTABILITY = YES;
				GCC_C_LANGUAGE_STANDARD = gnu11;
				GCC_DYNAMIC_NO_PIC = NO;
				GCC_NO_COMMON_BLOCKS = YES;
				GCC_OPTIMIZATION_LEVEL = 0;
				GCC_PREPROCESSOR_DEFINITIONS = (
					"DEBUG=1",
					"$(inherited)",
				);
				GCC_WARN_64_TO_32_BIT_CONVERSION = YES;
				GCC_WARN_ABOUT_RETURN_TYPE = YES_ERROR;
				GCC_WARN_UNDECLARED_SELECTOR = YES;
				GCC_WARN_UNINITIALIZED_AUTOS = YES_AGGRESSIVE;
				GCC_WARN_UNUSED_FUNCTION = YES;
				GCC_WARN_UNUSED_VARIABLE = YES;
				IPHONEOS_DEPLOYMENT_TARGET = 15.2;
				MTL_ENABLE_DEBUG_INFO = INCLUDE_SOURCE;
				MTL_FAST_MATH = YES;
				ONLY_ACTIVE_ARCH = YES;
				SDKROOT = iphoneos;
				SWIFT_ACTIVE_COMPILATION_CONDITIONS = DEBUG;
				SWIFT_OPTIMIZATION_LEVEL = "-Onone";
			};
			name = Debug;
		};
		6F0FB7E528771E5C00C390DD /* Release */ = {
			isa = XCBuildConfiguration;
			buildSettings = {
				ALWAYS_SEARCH_USER_PATHS = NO;
				CLANG_ANALYZER_NONNULL = YES;
				CLANG_ANALYZER_NUMBER_OBJECT_CONVERSION = YES_AGGRESSIVE;
				CLANG_CXX_LANGUAGE_STANDARD = "gnu++17";
				CLANG_CXX_LIBRARY = "libc++";
				CLANG_ENABLE_MODULES = YES;
				CLANG_ENABLE_OBJC_ARC = YES;
				CLANG_ENABLE_OBJC_WEAK = YES;
				CLANG_WARN_BLOCK_CAPTURE_AUTORELEASING = YES;
				CLANG_WARN_BOOL_CONVERSION = YES;
				CLANG_WARN_COMMA = YES;
				CLANG_WARN_CONSTANT_CONVERSION = YES;
				CLANG_WARN_DEPRECATED_OBJC_IMPLEMENTATIONS = YES;
				CLANG_WARN_DIRECT_OBJC_ISA_USAGE = YES_ERROR;
				CLANG_WARN_DOCUMENTATION_COMMENTS = YES;
				CLANG_WARN_EMPTY_BODY = YES;
				CLANG_WARN_ENUM_CONVERSION = YES;
				CLANG_WARN_INFINITE_RECURSION = YES;
				CLANG_WARN_INT_CONVERSION = YES;
				CLANG_WARN_NON_LITERAL_NULL_CONVERSION = YES;
				CLANG_WARN_OBJC_IMPLICIT_RETAIN_SELF = YES;
				CLANG_WARN_OBJC_LITERAL_CONVERSION = YES;
				CLANG_WARN_OBJC_ROOT_CLASS = YES_ERROR;
				CLANG_WARN_QUOTED_INCLUDE_IN_FRAMEWORK_HEADER = YES;
				CLANG_WARN_RANGE_LOOP_ANALYSIS = YES;
				CLANG_WARN_STRICT_PROTOTYPES = YES;
				CLANG_WARN_SUSPICIOUS_MOVE = YES;
				CLANG_WARN_UNGUARDED_AVAILABILITY = YES_AGGRESSIVE;
				CLANG_WARN_UNREACHABLE_CODE = YES;
				CLANG_WARN__DUPLICATE_METHOD_MATCH = YES;
				COPY_PHASE_STRIP = NO;
				DEBUG_INFORMATION_FORMAT = "dwarf-with-dsym";
				ENABLE_NS_ASSERTIONS = NO;
				ENABLE_STRICT_OBJC_MSGSEND = YES;
				GCC_C_LANGUAGE_STANDARD = gnu11;
				GCC_NO_COMMON_BLOCKS = YES;
				GCC_WARN_64_TO_32_BIT_CONVERSION = YES;
				GCC_WARN_ABOUT_RETURN_TYPE = YES_ERROR;
				GCC_WARN_UNDECLARED_SELECTOR = YES;
				GCC_WARN_UNINITIALIZED_AUTOS = YES_AGGRESSIVE;
				GCC_WARN_UNUSED_FUNCTION = YES;
				GCC_WARN_UNUSED_VARIABLE = YES;
				IPHONEOS_DEPLOYMENT_TARGET = 15.2;
				MTL_ENABLE_DEBUG_INFO = NO;
				MTL_FAST_MATH = YES;
				SDKROOT = iphoneos;
				SWIFT_COMPILATION_MODE = wholemodule;
				SWIFT_OPTIMIZATION_LEVEL = "-O";
				VALIDATE_PRODUCT = YES;
			};
			name = Release;
		};
		6F0FB7E728771E5C00C390DD /* Debug */ = {
			isa = XCBuildConfiguration;
			buildSettings = {
				ASSETCATALOG_COMPILER_APPICON_NAME = AppIcon;
				ASSETCATALOG_COMPILER_GLOBAL_ACCENT_COLOR_NAME = AccentColor;
				CODE_SIGN_STYLE = Automatic;
				CURRENT_PROJECT_VERSION = 1;
				DEVELOPMENT_ASSET_PATHS = "\"SwiftUI_LAB/Configuration/Assets\"";
				DEVELOPMENT_TEAM = 3FAK98S72C;
				ENABLE_PREVIEWS = YES;
				GENERATE_INFOPLIST_FILE = YES;
				INFOPLIST_FILE = "SwiftUI-LAB-Info.plist";
				INFOPLIST_KEY_UIApplicationSceneManifest_Generation = YES;
				INFOPLIST_KEY_UIApplicationSupportsIndirectInputEvents = YES;
				INFOPLIST_KEY_UILaunchScreen_Generation = YES;
				INFOPLIST_KEY_UISupportedInterfaceOrientations_iPad = "UIInterfaceOrientationPortrait UIInterfaceOrientationPortraitUpsideDown UIInterfaceOrientationLandscapeLeft UIInterfaceOrientationLandscapeRight";
				INFOPLIST_KEY_UISupportedInterfaceOrientations_iPhone = "UIInterfaceOrientationPortrait UIInterfaceOrientationLandscapeLeft UIInterfaceOrientationLandscapeRight";
				LD_RUNPATH_SEARCH_PATHS = (
					"$(inherited)",
					"@executable_path/Frameworks",
				);
				MARKETING_VERSION = 1.0;
				PRODUCT_BUNDLE_IDENTIFIER = "com.SwiftUI-LAB.SwiftUI-LAB";
				PRODUCT_NAME = "$(TARGET_NAME)";
				SWIFT_EMIT_LOC_STRINGS = YES;
				SWIFT_VERSION = 5.0;
				TARGETED_DEVICE_FAMILY = "1,2";
			};
			name = Debug;
		};
		6F0FB7E828771E5C00C390DD /* Release */ = {
			isa = XCBuildConfiguration;
			buildSettings = {
				ASSETCATALOG_COMPILER_APPICON_NAME = AppIcon;
				ASSETCATALOG_COMPILER_GLOBAL_ACCENT_COLOR_NAME = AccentColor;
				CODE_SIGN_STYLE = Automatic;
				CURRENT_PROJECT_VERSION = 1;
				DEVELOPMENT_ASSET_PATHS = "\"SwiftUI_LAB/Configuration/Assets\"";
				DEVELOPMENT_TEAM = 3FAK98S72C;
				ENABLE_PREVIEWS = YES;
				GENERATE_INFOPLIST_FILE = YES;
				INFOPLIST_FILE = "SwiftUI-LAB-Info.plist";
				INFOPLIST_KEY_UIApplicationSceneManifest_Generation = YES;
				INFOPLIST_KEY_UIApplicationSupportsIndirectInputEvents = YES;
				INFOPLIST_KEY_UILaunchScreen_Generation = YES;
				INFOPLIST_KEY_UISupportedInterfaceOrientations_iPad = "UIInterfaceOrientationPortrait UIInterfaceOrientationPortraitUpsideDown UIInterfaceOrientationLandscapeLeft UIInterfaceOrientationLandscapeRight";
				INFOPLIST_KEY_UISupportedInterfaceOrientations_iPhone = "UIInterfaceOrientationPortrait UIInterfaceOrientationLandscapeLeft UIInterfaceOrientationLandscapeRight";
				LD_RUNPATH_SEARCH_PATHS = (
					"$(inherited)",
					"@executable_path/Frameworks",
				);
				MARKETING_VERSION = 1.0;
				PRODUCT_BUNDLE_IDENTIFIER = "com.SwiftUI-LAB.SwiftUI-LAB";
				PRODUCT_NAME = "$(TARGET_NAME)";
				SWIFT_EMIT_LOC_STRINGS = YES;
				SWIFT_VERSION = 5.0;
				TARGETED_DEVICE_FAMILY = "1,2";
			};
			name = Release;
		};
		6F0FB7EA28771E5C00C390DD /* Debug */ = {
			isa = XCBuildConfiguration;
			buildSettings = {
				ALWAYS_EMBED_SWIFT_STANDARD_LIBRARIES = YES;
				BUNDLE_LOADER = "$(TEST_HOST)";
				CODE_SIGN_STYLE = Automatic;
				CURRENT_PROJECT_VERSION = 1;
				DEVELOPMENT_TEAM = 3FAK98S72C;
				GENERATE_INFOPLIST_FILE = YES;
				IPHONEOS_DEPLOYMENT_TARGET = 15.2;
				MARKETING_VERSION = 1.0;
				PRODUCT_BUNDLE_IDENTIFIER = "com.SwiftUI-LAB.SwiftUI-LABTests";
				PRODUCT_NAME = "$(TARGET_NAME)";
				SWIFT_EMIT_LOC_STRINGS = NO;
				SWIFT_VERSION = 5.0;
				TARGETED_DEVICE_FAMILY = "1,2";
				TEST_HOST = "$(BUILT_PRODUCTS_DIR)/SwiftUI_LAB.app/SwiftUI_LAB";
			};
			name = Debug;
		};
		6F0FB7EB28771E5C00C390DD /* Release */ = {
			isa = XCBuildConfiguration;
			buildSettings = {
				ALWAYS_EMBED_SWIFT_STANDARD_LIBRARIES = YES;
				BUNDLE_LOADER = "$(TEST_HOST)";
				CODE_SIGN_STYLE = Automatic;
				CURRENT_PROJECT_VERSION = 1;
				DEVELOPMENT_TEAM = 3FAK98S72C;
				GENERATE_INFOPLIST_FILE = YES;
				IPHONEOS_DEPLOYMENT_TARGET = 15.2;
				MARKETING_VERSION = 1.0;
				PRODUCT_BUNDLE_IDENTIFIER = "com.SwiftUI-LAB.SwiftUI-LABTests";
				PRODUCT_NAME = "$(TARGET_NAME)";
				SWIFT_EMIT_LOC_STRINGS = NO;
				SWIFT_VERSION = 5.0;
				TARGETED_DEVICE_FAMILY = "1,2";
				TEST_HOST = "$(BUILT_PRODUCTS_DIR)/SwiftUI_LAB.app/SwiftUI_LAB";
			};
			name = Release;
		};
		6F0FB7ED28771E5C00C390DD /* Debug */ = {
			isa = XCBuildConfiguration;
			buildSettings = {
				ALWAYS_EMBED_SWIFT_STANDARD_LIBRARIES = YES;
				CODE_SIGN_STYLE = Automatic;
				CURRENT_PROJECT_VERSION = 1;
				DEVELOPMENT_TEAM = 3FAK98S72C;
				GENERATE_INFOPLIST_FILE = YES;
				MARKETING_VERSION = 1.0;
				PRODUCT_BUNDLE_IDENTIFIER = "com.SwiftUI-LAB.SwiftUI-LABUITests";
				PRODUCT_NAME = "$(TARGET_NAME)";
				SWIFT_EMIT_LOC_STRINGS = NO;
				SWIFT_VERSION = 5.0;
				TARGETED_DEVICE_FAMILY = "1,2";
				TEST_TARGET_NAME = SwiftUI_LAB;
			};
			name = Debug;
		};
		6F0FB7EE28771E5C00C390DD /* Release */ = {
			isa = XCBuildConfiguration;
			buildSettings = {
				ALWAYS_EMBED_SWIFT_STANDARD_LIBRARIES = YES;
				CODE_SIGN_STYLE = Automatic;
				CURRENT_PROJECT_VERSION = 1;
				DEVELOPMENT_TEAM = 3FAK98S72C;
				GENERATE_INFOPLIST_FILE = YES;
				MARKETING_VERSION = 1.0;
				PRODUCT_BUNDLE_IDENTIFIER = "com.SwiftUI-LAB.SwiftUI-LABUITests";
				PRODUCT_NAME = "$(TARGET_NAME)";
				SWIFT_EMIT_LOC_STRINGS = NO;
				SWIFT_VERSION = 5.0;
				TARGETED_DEVICE_FAMILY = "1,2";
				TEST_TARGET_NAME = SwiftUI_LAB;
			};
			name = Release;
		};
/* End XCBuildConfiguration section */

/* Begin XCConfigurationList section */
		6F0FB7BD28771E5A00C390DD /* Build configuration list for PBXProject "SwiftUI_LAB" */ = {
			isa = XCConfigurationList;
			buildConfigurations = (
				6F0FB7E428771E5C00C390DD /* Debug */,
				6F0FB7E528771E5C00C390DD /* Release */,
			);
			defaultConfigurationIsVisible = 0;
			defaultConfigurationName = Release;
		};
		6F0FB7E628771E5C00C390DD /* Build configuration list for PBXNativeTarget "SwiftUI_LAB" */ = {
			isa = XCConfigurationList;
			buildConfigurations = (
				6F0FB7E728771E5C00C390DD /* Debug */,
				6F0FB7E828771E5C00C390DD /* Release */,
			);
			defaultConfigurationIsVisible = 0;
			defaultConfigurationName = Release;
		};
		6F0FB7E928771E5C00C390DD /* Build configuration list for PBXNativeTarget "SwiftUI_LABTests" */ = {
			isa = XCConfigurationList;
			buildConfigurations = (
				6F0FB7EA28771E5C00C390DD /* Debug */,
				6F0FB7EB28771E5C00C390DD /* Release */,
			);
			defaultConfigurationIsVisible = 0;
			defaultConfigurationName = Release;
		};
		6F0FB7EC28771E5C00C390DD /* Build configuration list for PBXNativeTarget "SwiftUI_LABUITests" */ = {
			isa = XCConfigurationList;
			buildConfigurations = (
				6F0FB7ED28771E5C00C390DD /* Debug */,
				6F0FB7EE28771E5C00C390DD /* Release */,
			);
			defaultConfigurationIsVisible = 0;
			defaultConfigurationName = Release;
		};
/* End XCConfigurationList section */

/* Begin XCRemoteSwiftPackageReference section */
		6FB424402889555500006958 /* XCRemoteSwiftPackageReference "url-image" */ = {
			isa = XCRemoteSwiftPackageReference;
			repositoryURL = "https://github.com/dmytro-anokhin/url-image";
			requirement = {
				kind = upToNextMajorVersion;
				minimumVersion = 3.0.0;
			};
		};
		6FB42447288959E600006958 /* XCRemoteSwiftPackageReference "Alamofire" */ = {
			isa = XCRemoteSwiftPackageReference;
			repositoryURL = "https://github.com/Alamofire/Alamofire.git";
			requirement = {
				kind = upToNextMajorVersion;
				minimumVersion = 5.0.0;
			};
		};
/* End XCRemoteSwiftPackageReference section */

/* Begin XCSwiftPackageProductDependency section */
		6FB424412889555500006958 /* URLImage */ = {
			isa = XCSwiftPackageProductDependency;
			package = 6FB424402889555500006958 /* XCRemoteSwiftPackageReference "url-image" */;
			productName = URLImage;
		};
		6FB424432889555500006958 /* URLImageStore */ = {
			isa = XCSwiftPackageProductDependency;
			package = 6FB424402889555500006958 /* XCRemoteSwiftPackageReference "url-image" */;
			productName = URLImageStore;
		};
		6FB42448288959E600006958 /* Alamofire */ = {
			isa = XCSwiftPackageProductDependency;
			package = 6FB42447288959E600006958 /* XCRemoteSwiftPackageReference "Alamofire" */;
			productName = Alamofire;
		};
/* End XCSwiftPackageProductDependency section */
	};
	rootObject = 6F0FB7BA28771E5A00C390DD /* Project object */;
}
